
Microsoft Visual Studio Solution File, Format Version 12.00
# Visual Studio 15
Project("{FAE04EC0-301F-11D3-BF4B-00C04F79EFBC}") = "ECSPlayGround", "Assembly-CSharp.csproj", "{1221727B-A05D-D44D-15AB-06C06708F791}"
EndProject
Project("{FAE04EC0-301F-11D3-BF4B-00C04F79EFBC}") = "ECSPlayGround", "Assembly-CSharp-firstpass.csproj", "{48FAB8DD-E473-BDCC-1E29-CC81BAC2CF31}"
EndProject
Global
	GlobalSection(SolutionConfigurationPlatforms) = preSolution
		Debug|Any CPU = Debug|Any CPU
		Release|Any CPU = Release|Any CPU
	EndGlobalSection
	GlobalSection(ProjectConfigurationPlatforms) = postSolution
		{1221727B-A05D-D44D-15AB-06C06708F791}.Debug|Any CPU.ActiveCfg = Debug|Any CPU
		{1221727B-A05D-D44D-15AB-06C06708F791}.Debug|Any CPU.Build.0 = Debug|Any CPU
		{1221727B-A05D-D44D-15AB-06C06708F791}.Release|Any CPU.ActiveCfg = Release|Any CPU
		{1221727B-A05D-D44D-15AB-06C06708F791}.Release|Any CPU.Build.0 = Release|Any CPU
		{48FAB8DD-E473-BDCC-1E29-CC81BAC2CF31}.Debug|Any CPU.ActiveCfg = Debug|Any CPU
		{48FAB8DD-E473-BDCC-1E29-CC81BAC2CF31}.Debug|Any CPU.Build.0 = Debug|Any CPU
		{48FAB8DD-E473-BDCC-1E29-CC81BAC2CF31}.Release|Any CPU.ActiveCfg = Release|Any CPU
		{48FAB8DD-E473-BDCC-1E29-CC81BAC2CF31}.Release|Any CPU.Build.0 = Release|Any CPU
	EndGlobalSection
	GlobalSection(SolutionProperties) = preSolution
		HideSolutionNode = FALSE
	EndGlobalSection
EndGlobal
