Microsoft Visual Studio Solution File, Format Version 11.00
# Visual Studio 2010
Project("{FAE04EC0-301F-11D3-BF4B-00C04F79EFBC}") = "Assembly-CSharp-firstpass", "Assembly-CSharp-firstpass.csproj", "{48FAB8DD-E473-BDCC-1E29-CC81BAC2CF31}"
EndProject
Project("{FAE04EC0-301F-11D3-BF4B-00C04F79EFBC}") = "Assembly-CSharp", "Assembly-CSharp.csproj", "{1221727B-A05D-D44D-15AB-06C06708F791}"
EndProject
Project("{FAE04EC0-301F-11D3-BF4B-00C04F79EFBC}") = "Assembly-CSharp-Editor-firstpass", "Assembly-CSharp-Editor-firstpass.csproj", "{C8838546-B0C9-0C90-5485-5647BB703529}"
EndProject
Project("{FAE04EC0-301F-11D3-BF4B-00C04F79EFBC}") = "Assembly-CSharp-Editor", "Assembly-CSharp-Editor.csproj", "{7D8AD395-EEA9-DDE1-9683-78E98122F134}"
EndProject
Global
	GlobalSection(SolutionConfigurationPlatforms) = preSolution
		Debug|Any CPU = Debug|Any CPU
		Release|Any CPU = Release|Any CPU
	EndGlobalSection
	GlobalSection(ProjectConfigurationPlatforms) = postSolution
		{48FAB8DD-E473-BDCC-1E29-CC81BAC2CF31}.Debug|Any CPU.ActiveCfg = Debug|Any CPU
		{48FAB8DD-E473-BDCC-1E29-CC81BAC2CF31}.Debug|Any CPU.Build.0 = Debug|Any CPU
		{48FAB8DD-E473-BDCC-1E29-CC81BAC2CF31}.Release|Any CPU.ActiveCfg = Release|Any CPU
		{48FAB8DD-E473-BDCC-1E29-CC81BAC2CF31}.Release|Any CPU.Build.0 = Release|Any CPU
		{1221727B-A05D-D44D-15AB-06C06708F791}.Debug|Any CPU.ActiveCfg = Debug|Any CPU
		{1221727B-A05D-D44D-15AB-06C06708F791}.Debug|Any CPU.Build.0 = Debug|Any CPU
		{1221727B-A05D-D44D-15AB-06C06708F791}.Release|Any CPU.ActiveCfg = Release|Any CPU
		{1221727B-A05D-D44D-15AB-06C06708F791}.Release|Any CPU.Build.0 = Release|Any CPU
		{C8838546-B0C9-0C90-5485-5647BB703529}.Debug|Any CPU.ActiveCfg = Debug|Any CPU
		{C8838546-B0C9-0C90-5485-5647BB703529}.Debug|Any CPU.Build.0 = Debug|Any CPU
		{C8838546-B0C9-0C90-5485-5647BB703529}.Release|Any CPU.ActiveCfg = Release|Any CPU
		{C8838546-B0C9-0C90-5485-5647BB703529}.Release|Any CPU.Build.0 = Release|Any CPU
		{7D8AD395-EEA9-DDE1-9683-78E98122F134}.Debug|Any CPU.ActiveCfg = Debug|Any CPU
		{7D8AD395-EEA9-DDE1-9683-78E98122F134}.Debug|Any CPU.Build.0 = Debug|Any CPU
		{7D8AD395-EEA9-DDE1-9683-78E98122F134}.Release|Any CPU.ActiveCfg = Release|Any CPU
		{7D8AD395-EEA9-DDE1-9683-78E98122F134}.Release|Any CPU.Build.0 = Release|Any CPU
	EndGlobalSection
	GlobalSection(SolutionProperties) = preSolution
		HideSolutionNode = FALSE
	EndGlobalSection
	GlobalSection(MonoDevelopProperties) = preSolution
		StartupItem = Assembly-CSharp.csproj
	EndGlobalSection
EndGlobal
